
Microsoft Visual Studio Solution File, Format Version 12.00
# Visual Studio Version 16
VisualStudioVersion = 16.0.29609.76
MinimumVisualStudioVersion = 10.0.40219.1
Project("{FAE04EC0-301F-11D3-BF4B-00C04F79EFBC}") = "Burn", "Burn.csproj", "{BD30F773-DD66-4EBB-B7E6-BFC9960311D8}"
EndProject
Global
	GlobalSection(SolutionConfigurationPlatforms) = preSolution
		Debug|Any CPU = Debug|Any CPU
		Release|Any CPU = Release|Any CPU
	EndGlobalSection
	GlobalSection(ProjectConfigurationPlatforms) = postSolution
		{BD30F773-DD66-4EBB-B7E6-BFC9960311D8}.Debug|Any CPU.ActiveCfg = Debug|Any CPU
		{BD30F773-DD66-4EBB-B7E6-BFC9960311D8}.Debug|Any CPU.Build.0 = Debug|Any CPU
		{BD30F773-DD66-4EBB-B7E6-BFC9960311D8}.Release|Any CPU.ActiveCfg = Release|Any CPU
		{BD30F773-DD66-4EBB-B7E6-BFC9960311D8}.Release|Any CPU.Build.0 = Release|Any CPU
	EndGlobalSection
	GlobalSection(SolutionProperties) = preSolution
		HideSolutionNode = FALSE
	EndGlobalSection
	GlobalSection(ExtensibilityGlobals) = postSolution
		SolutionGuid = {93B2C573-3323-4105-A307-EB1A46FC1116}
	EndGlobalSection
EndGlobal
